
Microsoft Visual Studio Solution File, Format Version 12.00
# Visual Studio Version 16
VisualStudioVersion = 16.0.29806.167
MinimumVisualStudioVersion = 10.0.40219.1
Project("{8BC9CEB8-8B4A-11D0-8D11-00A0C91BC942}") = "Mastermind", "Mastermind\Mastermind.vcxproj", "{E04F7EE1-9CA8-4259-81B1-13D5B37FA938}"
EndProject
Global
	GlobalSection(SolutionConfigurationPlatforms) = preSolution
		Debug|x64 = Debug|x64
		Debug|x86 = Debug|x86
		Release|x64 = Release|x64
		Release|x86 = Release|x86
	EndGlobalSection
	GlobalSection(ProjectConfigurationPlatforms) = postSolution
		{E04F7EE1-9CA8-4259-81B1-13D5B37FA938}.Debug|x64.ActiveCfg = Debug|x64
		{E04F7EE1-9CA8-4259-81B1-13D5B37FA938}.Debug|x64.Build.0 = Debug|x64
		{E04F7EE1-9CA8-4259-81B1-13D5B37FA938}.Debug|x86.ActiveCfg = Debug|Win32
		{E04F7EE1-9CA8-4259-81B1-13D5B37FA938}.Debug|x86.Build.0 = Debug|Win32
		{E04F7EE1-9CA8-4259-81B1-13D5B37FA938}.Release|x64.ActiveCfg = Release|x64
		{E04F7EE1-9CA8-4259-81B1-13D5B37FA938}.Release|x64.Build.0 = Release|x64
		{E04F7EE1-9CA8-4259-81B1-13D5B37FA938}.Release|x86.ActiveCfg = Release|Win32
		{E04F7EE1-9CA8-4259-81B1-13D5B37FA938}.Release|x86.Build.0 = Release|Win32
	EndGlobalSection
	GlobalSection(SolutionProperties) = preSolution
		HideSolutionNode = FALSE
	EndGlobalSection
	GlobalSection(ExtensibilityGlobals) = postSolution
		SolutionGuid = {BC10A02E-5B91-4F9D-BF78-02D0814E555A}
	EndGlobalSection
EndGlobal
